
Microsoft Visual Studio Solution File, Format Version 12.00
# Visual Studio Version 17
VisualStudioVersion = 17.5.002.0
MinimumVisualStudioVersion = 10.0.40219.1
Project("{9A19103F-16F7-4668-BE54-9A1E7A4F7556}") = "DesafioFundamentos", "DesafioFundamentos\DesafioFundamentos.csproj", "{0B9FAF78-9C96-4635-92D1-B901D42D9DF0}"
EndProject
Global
	GlobalSection(SolutionConfigurationPlatforms) = preSolution
		Debug|Any CPU = Debug|Any CPU
		Release|Any CPU = Release|Any CPU
	EndGlobalSection
	GlobalSection(ProjectConfigurationPlatforms) = postSolution
		{0B9FAF78-9C96-4635-92D1-B901D42D9DF0}.Debug|Any CPU.ActiveCfg = Debug|Any CPU
		{0B9FAF78-9C96-4635-92D1-B901D42D9DF0}.Debug|Any CPU.Build.0 = Debug|Any CPU
		{0B9FAF78-9C96-4635-92D1-B901D42D9DF0}.Release|Any CPU.ActiveCfg = Release|Any CPU
		{0B9FAF78-9C96-4635-92D1-B901D42D9DF0}.Release|Any CPU.Build.0 = Release|Any CPU
	EndGlobalSection
	GlobalSection(SolutionProperties) = preSolution
		HideSolutionNode = FALSE
	EndGlobalSection
	GlobalSection(ExtensibilityGlobals) = postSolution
		SolutionGuid = {BFCD54DD-2F5B-4E6C-A253-AC6F5BC751FE}
	EndGlobalSection
EndGlobal
